
Microsoft Visual Studio Solution File, Format Version 12.00
# Visual Studio 15
VisualStudioVersion = 15.0.28307.1062
MinimumVisualStudioVersion = 10.0.40219.1
Project("{FAE04EC0-301F-11D3-BF4B-00C04F79EFBC}") = "QuizzMaker", "QuizzMaker\QuizzMaker.csproj", "{AEECAF22-FEF9-4282-A9FE-C370B6E29227}"
EndProject
Project("{FAE04EC0-301F-11D3-BF4B-00C04F79EFBC}") = "QuizzMaker.DAL.EFCore", "QuizzMaker.DAL.EFCore\QuizzMaker.DAL.EFCore.csproj", "{7511DAD3-0CA8-49A6-A13C-1217953920C7}"
EndProject
Project("{FAE04EC0-301F-11D3-BF4B-00C04F79EFBC}") = "QuizzMaker.BO", "QuizzMaker.BO\QuizzMaker.BO.csproj", "{6028E48B-64FA-4099-A762-9B5CB21C27E4}"
EndProject
Project("{FAE04EC0-301F-11D3-BF4B-00C04F79EFBC}") = "QuizzMaker.BLL", "QuizzMaker.BLL\QuizzMaker.BLL.csproj", "{7D634DE9-6428-4C72-B911-555D69EA4268}"
EndProject
Project("{FAE04EC0-301F-11D3-BF4B-00C04F79EFBC}") = "QuizzMaker.DAL.EFCoreTests", "QuizzMaker.DAL.EFCoreTests\QuizzMaker.DAL.EFCoreTests.csproj", "{AAE563FD-F4D2-47E1-AF21-19CC082B11F6}"
EndProject
Global
	GlobalSection(SolutionConfigurationPlatforms) = preSolution
		Debug|Any CPU = Debug|Any CPU
		Release|Any CPU = Release|Any CPU
	EndGlobalSection
	GlobalSection(ProjectConfigurationPlatforms) = postSolution
		{AEECAF22-FEF9-4282-A9FE-C370B6E29227}.Debug|Any CPU.ActiveCfg = Debug|Any CPU
		{AEECAF22-FEF9-4282-A9FE-C370B6E29227}.Debug|Any CPU.Build.0 = Debug|Any CPU
		{AEECAF22-FEF9-4282-A9FE-C370B6E29227}.Release|Any CPU.ActiveCfg = Release|Any CPU
		{AEECAF22-FEF9-4282-A9FE-C370B6E29227}.Release|Any CPU.Build.0 = Release|Any CPU
		{7511DAD3-0CA8-49A6-A13C-1217953920C7}.Debug|Any CPU.ActiveCfg = Debug|Any CPU
		{7511DAD3-0CA8-49A6-A13C-1217953920C7}.Debug|Any CPU.Build.0 = Debug|Any CPU
		{7511DAD3-0CA8-49A6-A13C-1217953920C7}.Release|Any CPU.ActiveCfg = Release|Any CPU
		{7511DAD3-0CA8-49A6-A13C-1217953920C7}.Release|Any CPU.Build.0 = Release|Any CPU
		{6028E48B-64FA-4099-A762-9B5CB21C27E4}.Debug|Any CPU.ActiveCfg = Debug|Any CPU
		{6028E48B-64FA-4099-A762-9B5CB21C27E4}.Debug|Any CPU.Build.0 = Debug|Any CPU
		{6028E48B-64FA-4099-A762-9B5CB21C27E4}.Release|Any CPU.ActiveCfg = Release|Any CPU
		{6028E48B-64FA-4099-A762-9B5CB21C27E4}.Release|Any CPU.Build.0 = Release|Any CPU
		{7D634DE9-6428-4C72-B911-555D69EA4268}.Debug|Any CPU.ActiveCfg = Debug|Any CPU
		{7D634DE9-6428-4C72-B911-555D69EA4268}.Debug|Any CPU.Build.0 = Debug|Any CPU
		{7D634DE9-6428-4C72-B911-555D69EA4268}.Release|Any CPU.ActiveCfg = Release|Any CPU
		{7D634DE9-6428-4C72-B911-555D69EA4268}.Release|Any CPU.Build.0 = Release|Any CPU
		{AAE563FD-F4D2-47E1-AF21-19CC082B11F6}.Debug|Any CPU.ActiveCfg = Debug|Any CPU
		{AAE563FD-F4D2-47E1-AF21-19CC082B11F6}.Debug|Any CPU.Build.0 = Debug|Any CPU
		{AAE563FD-F4D2-47E1-AF21-19CC082B11F6}.Release|Any CPU.ActiveCfg = Release|Any CPU
		{AAE563FD-F4D2-47E1-AF21-19CC082B11F6}.Release|Any CPU.Build.0 = Release|Any CPU
	EndGlobalSection
	GlobalSection(SolutionProperties) = preSolution
		HideSolutionNode = FALSE
	EndGlobalSection
	GlobalSection(ExtensibilityGlobals) = postSolution
		SolutionGuid = {825B9D48-76CF-43A5-8110-7A9DFD9B6872}
	EndGlobalSection
EndGlobal
